// !$*UTF8*$!
{
	archiveVersion = 1;
	classes = {
	};
	objectVersion = 50;
	objects = {

/* Begin PBXBuildFile section */
		4CBFE5C024FFCB5600110739 /* 3.png in Resources */ = {isa = PBXBuildFile; fileRef = 4CBFE5BF24FFCB5600110739 /* 3.png */; };
		4CE7C89B2501E1910047317E /* 1.mp4 in Resources */ = {isa = PBXBuildFile; fileRef = 4CE7C89A2501E1910047317E /* 1.mp4 */; };
		4CFBEE7E24FF77C600819410 /* AppDelegate.m in Sources */ = {isa = PBXBuildFile; fileRef = 4CFBEE7D24FF77C600819410 /* AppDelegate.m */; };
		4CFBEE8124FF77C600819410 /* SceneDelegate.m in Sources */ = {isa = PBXBuildFile; fileRef = 4CFBEE8024FF77C600819410 /* SceneDelegate.m */; };
		4CFBEE8424FF77C600819410 /* ViewController.m in Sources */ = {isa = PBXBuildFile; fileRef = 4CFBEE8324FF77C600819410 /* ViewController.m */; };
		4CFBEE8724FF77C600819410 /* Main.storyboard in Resources */ = {isa = PBXBuildFile; fileRef = 4CFBEE8524FF77C600819410 /* Main.storyboard */; };
		4CFBEE8924FF77C700819410 /* Assets.xcassets in Resources */ = {isa = PBXBuildFile; fileRef = 4CFBEE8824FF77C700819410 /* Assets.xcassets */; };
		4CFBEE8C24FF77C700819410 /* LaunchScreen.storyboard in Resources */ = {isa = PBXBuildFile; fileRef = 4CFBEE8A24FF77C700819410 /* LaunchScreen.storyboard */; };
		4CFBEE8F24FF77C700819410 /* main.m in Sources */ = {isa = PBXBuildFile; fileRef = 4CFBEE8E24FF77C700819410 /* main.m */; };
		4CFBEE9A24FF7B2B00819410 /* STLayer.m in Sources */ = {isa = PBXBuildFile; fileRef = 4CFBEE9924FF7B2B00819410 /* STLayer.m */; };
		4CFBEE9D24FF8D3200819410 /* 1.jpg in Resources */ = {isa = PBXBuildFile; fileRef = 4CFBEE9C24FF8D3200819410 /* 1.jpg */; };
		4CFBEEA124FF96C100819410 /* 2.png in Resources */ = {isa = PBXBuildFile; fileRef = 4CFBEE9F24FF96C100819410 /* 2.png */; };
/* End PBXBuildFile section */

/* Begin PBXFileReference section */
		4CBFE5BF24FFCB5600110739 /* 3.png */ = {isa = PBXFileReference; lastKnownFileType = image.png; path = 3.png; sourceTree = "<group>"; };
		4CE7C89A2501E1910047317E /* 1.mp4 */ = {isa = PBXFileReference; lastKnownFileType = file; path = 1.mp4; sourceTree = "<group>"; };
		4CFBEE7924FF77C600819410 /* CALayer.app */ = {isa = PBXFileReference; explicitFileType = wrapper.application; includeInIndex = 0; path = CALayer.app; sourceTree = BUILT_PRODUCTS_DIR; };
		4CFBEE7C24FF77C600819410 /* AppDelegate.h */ = {isa = PBXFileReference; lastKnownFileType = sourcecode.c.h; path = AppDelegate.h; sourceTree = "<group>"; };
		4CFBEE7D24FF77C600819410 /* AppDelegate.m */ = {isa = PBXFileReference; lastKnownFileType = sourcecode.c.objc; path = AppDelegate.m; sourceTree = "<group>"; };
		4CFBEE7F24FF77C600819410 /* SceneDelegate.h */ = {isa = PBXFileReference; lastKnownFileType = sourcecode.c.h; path = SceneDelegate.h; sourceTree = "<group>"; };
		4CFBEE8024FF77C600819410 /* SceneDelegate.m */ = {isa = PBXFileReference; lastKnownFileType = sourcecode.c.objc; path = SceneDelegate.m; sourceTree = "<group>"; };
		4CFBEE8224FF77C600819410 /* ViewController.h */ = {isa = PBXFileReference; lastKnownFileType = sourcecode.c.h; path = ViewController.h; sourceTree = "<group>"; };
		4CFBEE8324FF77C600819410 /* ViewController.m */ = {isa = PBXFileReference; lastKnownFileType = sourcecode.c.objc; path = ViewController.m; sourceTree = "<group>"; };
		4CFBEE8624FF77C600819410 /* Base */ = {isa = PBXFileReference; lastKnownFileType = file.storyboard; name = Base; path = Base.lproj/Main.storyboard; sourceTree = "<group>"; };
		4CFBEE8824FF77C700819410 /* Assets.xcassets */ = {isa = PBXFileReference; lastKnownFileType = folder.assetcatalog; path = Assets.xcassets; sourceTree = "<group>"; };
		4CFBEE8B24FF77C700819410 /* Base */ = {isa = PBXFileReference; lastKnownFileType = file.storyboard; name = Base; path = Base.lproj/LaunchScreen.storyboard; sourceTree = "<group>"; };
		4CFBEE8D24FF77C700819410 /* Info.plist */ = {isa = PBXFileReference; lastKnownFileType = text.plist.xml; path = Info.plist; sourceTree = "<group>"; };
		4CFBEE8E24FF77C700819410 /* main.m */ = {isa = PBXFileReference; lastKnownFileType = sourcecode.c.objc; path = main.m; sourceTree = "<group>"; };
		4CFBEE9824FF7B2B00819410 /* STLayer.h */ = {isa = PBXFileReference; lastKnownFileType = sourcecode.c.h; path = STLayer.h; sourceTree = "<group>"; };
		4CFBEE9924FF7B2B00819410 /* STLayer.m */ = {isa = PBXFileReference; lastKnownFileType = sourcecode.c.objc; path = STLayer.m; sourceTree = "<group>"; };
		4CFBEE9C24FF8D3200819410 /* 1.jpg */ = {isa = PBXFileReference; lastKnownFileType = image.jpeg; path = 1.jpg; sourceTree = "<group>"; };
		4CFBEE9F24FF96C100819410 /* 2.png */ = {isa = PBXFileReference; lastKnownFileType = image.png; path = 2.png; sourceTree = "<group>"; };
/* End PBXFileReference section */

/* Begin PBXFrameworksBuildPhase section */
		4CFBEE7624FF77C600819410 /* Frameworks */ = {
			isa = PBXFrameworksBuildPhase;
			buildActionMask = 2147483647;
			files = (
			);
			runOnlyForDeploymentPostprocessing = 0;
		};
/* End PBXFrameworksBuildPhase section */

/* Begin PBXGroup section */
		4CFBEE7024FF77C600819410 = {
			isa = PBXGroup;
			children = (
				4CFBEE7B24FF77C600819410 /* CALayer */,
				4CFBEE7A24FF77C600819410 /* Products */,
			);
			sourceTree = "<group>";
		};
		4CFBEE7A24FF77C600819410 /* Products */ = {
			isa = PBXGroup;
			children = (
				4CFBEE7924FF77C600819410 /* CALayer.app */,
			);
			name = Products;
			sourceTree = "<group>";
		};
		4CFBEE7B24FF77C600819410 /* CALayer */ = {
			isa = PBXGroup;
			children = (
				4CFBEE9F24FF96C100819410 /* 2.png */,
				4CFBEE9C24FF8D3200819410 /* 1.jpg */,
				4CBFE5BF24FFCB5600110739 /* 3.png */,
				4CE7C89A2501E1910047317E /* 1.mp4 */,
				4CFBEE7C24FF77C600819410 /* AppDelegate.h */,
				4CFBEE7D24FF77C600819410 /* AppDelegate.m */,
				4CFBEE7F24FF77C600819410 /* SceneDelegate.h */,
				4CFBEE8024FF77C600819410 /* SceneDelegate.m */,
				4CFBEE8224FF77C600819410 /* ViewController.h */,
				4CFBEE8324FF77C600819410 /* ViewController.m */,
				4CFBEE9824FF7B2B00819410 /* STLayer.h */,
				4CFBEE9924FF7B2B00819410 /* STLayer.m */,
				4CFBEE8524FF77C600819410 /* Main.storyboard */,
				4CFBEE8824FF77C700819410 /* Assets.xcassets */,
				4CFBEE8A24FF77C700819410 /* LaunchScreen.storyboard */,
				4CFBEE8D24FF77C700819410 /* Info.plist */,
				4CFBEE8E24FF77C700819410 /* main.m */,
			);
			path = CALayer;
			sourceTree = "<group>";
		};
/* End PBXGroup section */

/* Begin PBXNativeTarget section */
		4CFBEE7824FF77C600819410 /* CALayer */ = {
			isa = PBXNativeTarget;
			buildConfigurationList = 4CFBEE9224FF77C700819410 /* Build configuration list for PBXNativeTarget "CALayer" */;
			buildPhases = (
				4CFBEE7524FF77C600819410 /* Sources */,
				4CFBEE7624FF77C600819410 /* Frameworks */,
				4CFBEE7724FF77C600819410 /* Resources */,
			);
			buildRules = (
			);
			dependencies = (
			);
			name = CALayer;
			productName = CALayer;
			productReference = 4CFBEE7924FF77C600819410 /* CALayer.app */;
			productType = "com.apple.product-type.application";
		};
/* End PBXNativeTarget section */

/* Begin PBXProject section */
		4CFBEE7124FF77C600819410 /* Project object */ = {
			isa = PBXProject;
			attributes = {
				LastUpgradeCheck = 1150;
				ORGANIZATIONNAME = 3kMac;
				TargetAttributes = {
					4CFBEE7824FF77C600819410 = {
						CreatedOnToolsVersion = 11.5;
					};
				};
			};
			buildConfigurationList = 4CFBEE7424FF77C600819410 /* Build configuration list for PBXProject "CALayer" */;
			compatibilityVersion = "Xcode 9.3";
			developmentRegion = en;
			hasScannedForEncodings = 0;
			knownRegions = (
				en,
				Base,
			);
			mainGroup = 4CFBEE7024FF77C600819410;
			productRefGroup = 4CFBEE7A24FF77C600819410 /* Products */;
			projectDirPath = "";
			projectRoot = "";
			targets = (
				4CFBEE7824FF77C600819410 /* CALayer */,
			);
		};
/* End PBXProject section */

/* Begin PBXResourcesBuildPhase section */
		4CFBEE7724FF77C600819410 /* Resources */ = {
			isa = PBXResourcesBuildPhase;
			buildActionMask = 2147483647;
			files = (
				4CFBEEA124FF96C100819410 /* 2.png in Resources */,
				4CFBEE8C24FF77C700819410 /* LaunchScreen.storyboard in Resources */,
				4CFBEE9D24FF8D3200819410 /* 1.jpg in Resources */,
				4CFBEE8924FF77C700819410 /* Assets.xcassets in Resources */,
				4CFBEE8724FF77C600819410 /* Main.storyboard in Resources */,
				4CE7C89B2501E1910047317E /* 1.mp4 in Resources */,
				4CBFE5C024FFCB5600110739 /* 3.png in Resources */,
			);
			runOnlyForDeploymentPostprocessing = 0;
		};
/* End PBXResourcesBuildPhase section */

/* Begin PBXSourcesBuildPhase section */
		4CFBEE7524FF77C600819410 /* Sources */ = {
			isa = PBXSourcesBuildPhase;
			buildActionMask = 2147483647;
			files = (
				4CFBEE9A24FF7B2B00819410 /* STLayer.m in Sources */,
				4CFBEE8424FF77C600819410 /* ViewController.m in Sources */,
				4CFBEE7E24FF77C600819410 /* AppDelegate.m in Sources */,
				4CFBEE8F24FF77C700819410 /* main.m in Sources */,
				4CFBEE8124FF77C600819410 /* SceneDelegate.m in Sources */,
			);
			runOnlyForDeploymentPostprocessing = 0;
		};
/* End PBXSourcesBuildPhase section */

/* Begin PBXVariantGroup section */
		4CFBEE8524FF77C600819410 /* Main.storyboard */ = {
			isa = PBXVariantGroup;
			children = (
				4CFBEE8624FF77C600819410 /* Base */,
			);
			name = Main.storyboard;
			sourceTree = "<group>";
		};
		4CFBEE8A24FF77C700819410 /* LaunchScreen.storyboard */ = {
			isa = PBXVariantGroup;
			children = (
				4CFBEE8B24FF77C700819410 /* Base */,
			);
			name = LaunchScreen.storyboard;
			sourceTree = "<group>";
		};
/* End PBXVariantGroup section */

/* Begin XCBuildConfiguration section */
		4CFBEE9024FF77C700819410 /* Debug */ = {
			isa = XCBuildConfiguration;
			buildSettings = {
				ALWAYS_SEARCH_USER_PATHS = NO;
				CLANG_ANALYZER_NONNULL = YES;
				CLANG_ANALYZER_NUMBER_OBJECT_CONVERSION = YES_AGGRESSIVE;
				CLANG_CXX_LANGUAGE_STANDARD = "gnu++14";
				CLANG_CXX_LIBRARY = "libc++";
				CLANG_ENABLE_MODULES = YES;
				CLANG_ENABLE_OBJC_ARC = YES;
				CLANG_ENABLE_OBJC_WEAK = YES;
				CLANG_WARN_BLOCK_CAPTURE_AUTORELEASING = YES;
				CLANG_WARN_BOOL_CONVERSION = YES;
				CLANG_WARN_COMMA = YES;
				CLANG_WARN_CONSTANT_CONVERSION = YES;
				CLANG_WARN_DEPRECATED_OBJC_IMPLEMENTATIONS = YES;
				CLANG_WARN_DIRECT_OBJC_ISA_USAGE = YES_ERROR;
				CLANG_WARN_DOCUMENTATION_COMMENTS = YES;
				CLANG_WARN_EMPTY_BODY = YES;
				CLANG_WARN_ENUM_CONVERSION = YES;
				CLANG_WARN_INFINITE_RECURSION = YES;
				CLANG_WARN_INT_CONVERSION = YES;
				CLANG_WARN_NON_LITERAL_NULL_CONVERSION = YES;
				CLANG_WARN_OBJC_IMPLICIT_RETAIN_SELF = YES;
				CLANG_WARN_OBJC_LITERAL_CONVERSION = YES;
				CLANG_WARN_OBJC_ROOT_CLASS = YES_ERROR;
				CLANG_WARN_RANGE_LOOP_ANALYSIS = YES;
				CLANG_WARN_STRICT_PROTOTYPES = YES;
				CLANG_WARN_SUSPICIOUS_MOVE = YES;
				CLANG_WARN_UNGUARDED_AVAILABILITY = YES_AGGRESSIVE;
				CLANG_WARN_UNREACHABLE_CODE = YES;
				CLANG_WARN__DUPLICATE_METHOD_MATCH = YES;
				COPY_PHASE_STRIP = NO;
				DEBUG_INFORMATION_FORMAT = dwarf;
				ENABLE_STRICT_OBJC_MSGSEND = YES;
				ENABLE_TESTABILITY = YES;
				GCC_C_LANGUAGE_STANDARD = gnu11;
				GCC_DYNAMIC_NO_PIC = NO;
				GCC_NO_COMMON_BLOCKS = YES;
				GCC_OPTIMIZATION_LEVEL = 0;
				GCC_PREPROCESSOR_DEFINITIONS = (
					"DEBUG=1",
					"$(inherited)",
				);
				GCC_WARN_64_TO_32_BIT_CONVERSION = YES;
				GCC_WARN_ABOUT_RETURN_TYPE = YES_ERROR;
				GCC_WARN_UNDECLARED_SELECTOR = YES;
				GCC_WARN_UNINITIALIZED_AUTOS = YES_AGGRESSIVE;
				GCC_WARN_UNUSED_FUNCTION = YES;
				GCC_WARN_UNUSED_VARIABLE = YES;
				IPHONEOS_DEPLOYMENT_TARGET = 13.5;
				MTL_ENABLE_DEBUG_INFO = INCLUDE_SOURCE;
				MTL_FAST_MATH = YES;
				ONLY_ACTIVE_ARCH = YES;
				SDKROOT = iphoneos;
			};
			name = Debug;
		};
		4CFBEE9124FF77C700819410 /* Release */ = {
			isa = XCBuildConfiguration;
			buildSettings = {
				ALWAYS_SEARCH_USER_PATHS = NO;
				CLANG_ANALYZER_NONNULL = YES;
				CLANG_ANALYZER_NUMBER_OBJECT_CONVERSION = YES_AGGRESSIVE;
				CLANG_CXX_LANGUAGE_STANDARD = "gnu++14";
				CLANG_CXX_LIBRARY = "libc++";
				CLANG_ENABLE_MODULES = YES;
				CLANG_ENABLE_OBJC_ARC = YES;
				CLANG_ENABLE_OBJC_WEAK = YES;
				CLANG_WARN_BLOCK_CAPTURE_AUTORELEASING = YES;
				CLANG_WARN_BOOL_CONVERSION = YES;
				CLANG_WARN_COMMA = YES;
				CLANG_WARN_CONSTANT_CONVERSION = YES;
				CLANG_WARN_DEPRECATED_OBJC_IMPLEMENTATIONS = YES;
				CLANG_WARN_DIRECT_OBJC_ISA_USAGE = YES_ERROR;
				CLANG_WARN_DOCUMENTATION_COMMENTS = YES;
				CLANG_WARN_EMPTY_BODY = YES;
				CLANG_WARN_ENUM_CONVERSION = YES;
				CLANG_WARN_INFINITE_RECURSION = YES;
				CLANG_WARN_INT_CONVERSION = YES;
				CLANG_WARN_NON_LITERAL_NULL_CONVERSION = YES;
				CLANG_WARN_OBJC_IMPLICIT_RETAIN_SELF = YES;
				CLANG_WARN_OBJC_LITERAL_CONVERSION = YES;
				CLANG_WARN_OBJC_ROOT_CLASS = YES_ERROR;
				CLANG_WARN_RANGE_LOOP_ANALYSIS = YES;
				CLANG_WARN_STRICT_PROTOTYPES = YES;
				CLANG_WARN_SUSPICIOUS_MOVE = YES;
				CLANG_WARN_UNGUARDED_AVAILABILITY = YES_AGGRESSIVE;
				CLANG_WARN_UNREACHABLE_CODE = YES;
				CLANG_WARN__DUPLICATE_METHOD_MATCH = YES;
				COPY_PHASE_STRIP = NO;
				DEBUG_INFORMATION_FORMAT = "dwarf-with-dsym";
				ENABLE_NS_ASSERTIONS = NO;
				ENABLE_STRICT_OBJC_MSGSEND = YES;
				GCC_C_LANGUAGE_STANDARD = gnu11;
				GCC_NO_COMMON_BLOCKS = YES;
				GCC_WARN_64_TO_32_BIT_CONVERSION = YES;
				GCC_WARN_ABOUT_RETURN_TYPE = YES_ERROR;
				GCC_WARN_UNDECLARED_SELECTOR = YES;
				GCC_WARN_UNINITIALIZED_AUTOS = YES_AGGRESSIVE;
				GCC_WARN_UNUSED_FUNCTION = YES;
				GCC_WARN_UNUSED_VARIABLE = YES;
				IPHONEOS_DEPLOYMENT_TARGET = 13.5;
				MTL_ENABLE_DEBUG_INFO = NO;
				MTL_FAST_MATH = YES;
				SDKROOT = iphoneos;
				VALIDATE_PRODUCT = YES;
			};
			name = Release;
		};
		4CFBEE9324FF77C700819410 /* Debug */ = {
			isa = XCBuildConfiguration;
			buildSettings = {
				ASSETCATALOG_COMPILER_APPICON_NAME = AppIcon;
				CODE_SIGN_STYLE = Automatic;
				DEVELOPMENT_TEAM = RHBB3S2FAV;
				INFOPLIST_FILE = CALayer/Info.plist;
				IPHONEOS_DEPLOYMENT_TARGET = 11.0;
				LD_RUNPATH_SEARCH_PATHS = (
					"$(inherited)",
					"@executable_path/Frameworks",
				);
				PRODUCT_BUNDLE_IDENTIFIER = stone.com.CALayer;
				PRODUCT_NAME = "$(TARGET_NAME)";
				TARGETED_DEVICE_FAMILY = "1,2";
			};
			name = Debug;
		};
		4CFBEE9424FF77C700819410 /* Release */ = {
			isa = XCBuildConfiguration;
			buildSettings = {
				ASSETCATALOG_COMPILER_APPICON_NAME = AppIcon;
				CODE_SIGN_STYLE = Automatic;
				DEVELOPMENT_TEAM = RHBB3S2FAV;
				INFOPLIST_FILE = CALayer/Info.plist;
				IPHONEOS_DEPLOYMENT_TARGET = 11.0;
				LD_RUNPATH_SEARCH_PATHS = (
					"$(inherited)",
					"@executable_path/Frameworks",
				);
				PRODUCT_BUNDLE_IDENTIFIER = stone.com.CALayer;
				PRODUCT_NAME = "$(TARGET_NAME)";
				TARGETED_DEVICE_FAMILY = "1,2";
			};
			name = Release;
		};
/* End XCBuildConfiguration section */

/* Begin XCConfigurationList section */
		4CFBEE7424FF77C600819410 /* Build configuration list for PBXProject "CALayer" */ = {
			isa = XCConfigurationList;
			buildConfigurations = (
				4CFBEE9024FF77C700819410 /* Debug */,
				4CFBEE9124FF77C700819410 /* Release */,
			);
			defaultConfigurationIsVisible = 0;
			defaultConfigurationName = Release;
		};
		4CFBEE9224FF77C700819410 /* Build configuration list for PBXNativeTarget "CALayer" */ = {
			isa = XCConfigurationList;
			buildConfigurations = (
				4CFBEE9324FF77C700819410 /* Debug */,
				4CFBEE9424FF77C700819410 /* Release */,
			);
			defaultConfigurationIsVisible = 0;
			defaultConfigurationName = Release;
		};
/* End XCConfigurationList section */
	};
	rootObject = 4CFBEE7124FF77C600819410 /* Project object */;
}
